
Microsoft Visual Studio Solution File, Format Version 12.00
# Visual Studio Version 16
VisualStudioVersion = 16.0.32407.337
MinimumVisualStudioVersion = 10.0.40219.1
Project("{FAE04EC0-301F-11D3-BF4B-00C04F79EFBC}") = "TodoApi", "TodoApi\TodoApi.csproj", "{7EF1D142-2A09-4CD2-B323-74D041B001DB}"
EndProject
Global
	GlobalSection(SolutionConfigurationPlatforms) = preSolution
		Debug|Any CPU = Debug|Any CPU
		Release|Any CPU = Release|Any CPU
	EndGlobalSection
	GlobalSection(ProjectConfigurationPlatforms) = postSolution
		{7EF1D142-2A09-4CD2-B323-74D041B001DB}.Debug|Any CPU.ActiveCfg = Debug|Any CPU
		{7EF1D142-2A09-4CD2-B323-74D041B001DB}.Debug|Any CPU.Build.0 = Debug|Any CPU
		{7EF1D142-2A09-4CD2-B323-74D041B001DB}.Release|Any CPU.ActiveCfg = Release|Any CPU
		{7EF1D142-2A09-4CD2-B323-74D041B001DB}.Release|Any CPU.Build.0 = Release|Any CPU
	EndGlobalSection
	GlobalSection(SolutionProperties) = preSolution
		HideSolutionNode = FALSE
	EndGlobalSection
	GlobalSection(ExtensibilityGlobals) = postSolution
		SolutionGuid = {2C7E587F-69BB-490F-AC3A-5D13D6698A22}
	EndGlobalSection
EndGlobal
